task:
    key: autoclaw-console-frontend-plan-contract-lock
    title: AutoClaw Console Frontend Plan And Contract Lock
    summary: Audit repo and design truth, write frontend contracts, and prepare implementation launch files.
    instruction: >-
      Review the current AutoClaw repo, references/frontend, references/frontend_design,
      and /home/ubuntu/leo/design/autoclaw-v2-ui. Produce the comprehensive
      implementation plan under references/frontend, write locked feature behavior,
      component, API/view-model, environment, and validation docs under
      docs-internal/design/v2/console, and record evidence, ambiguity, and decision
      handling under tmp/autoclaw-frontend/00-plan-contract-lock. Draft or refresh
      task-compose files for each bounded implementation slice and the final release
      review. Do not implement frontend product code in this task.
workflow:
    key: frontend-console-delivery-program
roots:
    workspace:
        mode: use_existing_host
        host_path: /home/ubuntu/leo/projects/autoclaw
    context:
        mode: ensure_host_path
        host_path: /home/ubuntu/leo/projects/autoclaw/tmp/autoclaw-frontend/00-plan-contract-lock
